
Microsoft Visual Studio Solution File, Format Version 12.00
# Visual Studio Version 17
VisualStudioVersion = 17.3.32901.215
MinimumVisualStudioVersion = 10.0.40219.1
Project("{FAE04EC0-301F-11D3-BF4B-00C04F79EFBC}") = "Teacher_Student_entityFM", "Teacher_Student_entityFM\Teacher_Student_entityFM.csproj", "{D67CE8B2-585B-41C9-A370-EB7357451554}"
EndProject
Global
	GlobalSection(SolutionConfigurationPlatforms) = preSolution
		Debug|Any CPU = Debug|Any CPU
		Release|Any CPU = Release|Any CPU
	EndGlobalSection
	GlobalSection(ProjectConfigurationPlatforms) = postSolution
		{D67CE8B2-585B-41C9-A370-EB7357451554}.Debug|Any CPU.ActiveCfg = Debug|Any CPU
		{D67CE8B2-585B-41C9-A370-EB7357451554}.Debug|Any CPU.Build.0 = Debug|Any CPU
		{D67CE8B2-585B-41C9-A370-EB7357451554}.Release|Any CPU.ActiveCfg = Release|Any CPU
		{D67CE8B2-585B-41C9-A370-EB7357451554}.Release|Any CPU.Build.0 = Release|Any CPU
	EndGlobalSection
	GlobalSection(SolutionProperties) = preSolution
		HideSolutionNode = FALSE
	EndGlobalSection
	GlobalSection(ExtensibilityGlobals) = postSolution
		SolutionGuid = {2BD1696A-4FD7-4AB0-9820-53A9B76C8F32}
	EndGlobalSection
EndGlobal
